
Microsoft Visual Studio Solution File, Format Version 11.00
# Visual C# Express 2010
Project("{FAE04EC0-301F-11D3-BF4B-00C04F79EFBC}") = "ClassLibrary5", "ClassLibrary5\ClassLibrary5.csproj", "{238F9017-45ED-4E08-A9F1-FA8CF8479C8C}"
EndProject
Global
	GlobalSection(SolutionConfigurationPlatforms) = preSolution
		Debug|Any CPU = Debug|Any CPU
		Release|Any CPU = Release|Any CPU
	EndGlobalSection
	GlobalSection(ProjectConfigurationPlatforms) = postSolution
		{238F9017-45ED-4E08-A9F1-FA8CF8479C8C}.Debug|Any CPU.ActiveCfg = Debug|Any CPU
		{238F9017-45ED-4E08-A9F1-FA8CF8479C8C}.Debug|Any CPU.Build.0 = Debug|Any CPU
		{238F9017-45ED-4E08-A9F1-FA8CF8479C8C}.Release|Any CPU.ActiveCfg = Release|Any CPU
		{238F9017-45ED-4E08-A9F1-FA8CF8479C8C}.Release|Any CPU.Build.0 = Release|Any CPU
	EndGlobalSection
	GlobalSection(SolutionProperties) = preSolution
		HideSolutionNode = FALSE
	EndGlobalSection
EndGlobal
